<?xml version="1.0" encoding="utf-8"?>
<Project ToolsVersion="14.0" xmlns="http://schemas.microsoft.com/developer/msbuild/2003">
  <ItemGroup>
    <Filter Include="Geodesics">
      <UniqueIdentifier>{124539f0-73b5-403b-b9bb-1d7a3c258cf5}</UniqueIdentifier>
    </Filter>
    <Filter Include="Header Files">
      <UniqueIdentifier>{6484c435-90af-4bc3-968e-c621d1183877}</UniqueIdentifier>
    </Filter>
    <Filter Include="isochart">
      <UniqueIdentifier>{e8d73a00-10f7-4eaa-9018-3a2fd86be6f3}</UniqueIdentifier>
    </Filter>
  </ItemGroup>
  <ItemGroup>
    <ClCompile Include="geodesics\ApproximateOneToAll.cpp">
      <Filter>Geodesics</Filter>
    </ClCompile>
    <ClCompile Include="geodesics\ExactOneToAll.cpp">
      <Filter>Geodesics</Filter>
    </ClCompile>
    <ClCompile Include="geodesics\mathutils.cpp">
      <Filter>Geodesics</Filter>
    </ClCompile>
    <ClCompile Include="isochart\barycentricparam.cpp">
      <Filter>isochart</Filter>
    </ClCompile>
    <ClCompile Include="isochart\basemeshinfo.cpp">
      <Filter>isochart</Filter>
    </ClCompile>
    <ClCompile Include="isochart\graphcut.cpp">
      <Filter>isochart</Filter>
    </ClCompile>
    <ClCompile Include="isochart\imtcomputation.cpp">
      <Filter>isochart</Filter>
    </ClCompile>
    <ClCompile Include="isochart\isochart.cpp">
      <Filter>isochart</Filter>
    </ClCompile>
    <ClCompile Include="isochart\isochartengine.cpp">
      <Filter>isochart</Filter>
    </ClCompile>
    <ClCompile Include="isochart\isochartmesh.cpp">
      <Filter>isochart</Filter>
    </ClCompile>
    <ClCompile Include="isochart\isochartutil.cpp">
      <Filter>isochart</Filter>
    </ClCompile>
    <ClCompile Include="isochart\isomap.cpp">
      <Filter>isochart</Filter>
    </ClCompile>
    <ClCompile Include="isochart\lscmparam.cpp">
      <Filter>isochart</Filter>
    </ClCompile>
    <ClCompile Include="isochart\mergecharts.cpp">
      <Filter>isochart</Filter>
    </ClCompile>
    <ClCompile Include="isochart\meshapplyisomap.cpp">
      <Filter>isochart</Filter>
    </ClCompile>
    <ClCompile Include="isochart\meshoptimizeboundaries.cpp">
      <Filter>isochart</Filter>
    </ClCompile>
    <ClCompile Include="isochart\meshoptimizestretch.cpp">
      <Filter>isochart</Filter>
    </ClCompile>
    <ClCompile Include="isochart\meshpartitionchart.cpp">
      <Filter>isochart</Filter>
    </ClCompile>
    <ClCompile Include="isochart\packingcharts.cpp">
      <Filter>isochart</Filter>
    </ClCompile>
    <ClCompile Include="isochart\progressivemesh.cpp">
      <Filter>isochart</Filter>
    </ClCompile>
    <ClCompile Include="isochart\UVAtlas.cpp">
      <Filter>isochart</Filter>
    </ClCompile>
    <ClCompile Include="isochart\UVAtlasRepacker.cpp">
      <Filter>isochart</Filter>
    </ClCompile>
    <ClCompile Include="isochart\vertiter.cpp">
      <Filter>isochart</Filter>
    </ClCompile>
    <ClCompile Include="isochart\Vis_Maxflow.cpp">
      <Filter>isochart</Filter>
    </ClCompile>
  </ItemGroup>
  <ItemGroup>
    <ClInclude Include="geodesics\ApproximateOneToAll.h">
      <Filter>Geodesics</Filter>
    </ClInclude>
    <ClInclude Include="geodesics\datatypes.h">
      <Filter>Geodesics</Filter>
    </ClInclude>
    <ClInclude Include="geodesics\ExactOneToAll.h">
      <Filter>Geodesics</Filter>
    </ClInclude>
    <ClInclude Include="geodesics\mathutils.h">
      <Filter>Geodesics</Filter>
    </ClInclude>
    <ClInclude Include="geodesics\minheap.hpp">
      <Filter>Geodesics</Filter>
    </ClInclude>
    <ClInclude Include="maxheap.hpp">
      <Filter>Header Files</Filter>
    </ClInclude>
    <ClInclude Include="inc\UVAtlas.h">
      <Filter>Header Files</Filter>
    </ClInclude>
    <ClInclude Include="isochart\basemeshinfo.h">
      <Filter>isochart</Filter>
    </ClInclude>
    <ClInclude Include="isochart\callbackschemer.h">
      <Filter>isochart</Filter>
    </ClInclude>
    <ClInclude Include="isochart\graphcut.h">
      <Filter>isochart</Filter>
    </ClInclude>
    <ClInclude Include="isochart\isochart.h">
      <Filter>isochart</Filter>
    </ClInclude>
    <ClInclude Include="isochart\isochartconfig.h">
      <Filter>isochart</Filter>
    </ClInclude>
    <ClInclude Include="isochart\isochartengine.h">
      <Filter>isochart</Filter>
    </ClInclude>
    <ClInclude Include="isochart\isochartmesh.h">
      <Filter>isochart</Filter>
    </ClInclude>
    <ClInclude Include="isochart\isochartutil.h">
      <Filter>isochart</Filter>
    </ClInclude>
    <ClInclude Include="isochart\isomap.h">
      <Filter>isochart</Filter>
    </ClInclude>
    <ClInclude Include="isochart\progressivemesh.h">
      <Filter>isochart</Filter>
    </ClInclude>
    <ClInclude Include="isochart\UVAtlasRepacker.h">
      <Filter>isochart</Filter>
    </ClInclude>
    <ClInclude Include="isochart\vertiter.h">
      <Filter>isochart</Filter>
    </ClInclude>
    <ClInclude Include="isochart\Vis_Maxflow.h">
      <Filter>isochart</Filter>
    </ClInclude>
    <ClInclude Include="isochart\sparsematrix.hpp">
      <Filter>isochart</Filter>
    </ClInclude>
    <ClInclude Include="isochart\SymmetricMatrix.hpp">
      <Filter>isochart</Filter>
    </ClInclude>
  </ItemGroup>
  <ItemGroup>
    <None Include="isochart\meshcommon.inl">
      <Filter>isochart</Filter>
    </None>
  </ItemGroup>
</Project>