
Microsoft Visual Studio Solution File, Format Version 12.00
# Visual Studio 15
VisualStudioVersion = 15.0.27703.2000
MinimumVisualStudioVersion = 10.0.40219.1
Project("{8BC9CEB8-8B4A-11D0-8D11-00A0C91BC942}") = "UVAtlas_XboxOneXDK_2017", "UVAtlas\UVAtlas_XboxOneXDK_2017.vcxproj", "{5959D651-867B-4AD9-BABD-4265310B6D5D}"
EndProject
Project("{2150E333-8FDC-42A3-9474-1A3956D46DE8}") = "Solution Items", "Solution Items", "{6F8C099A-349F-40E8-8D9F-D0B3B6CDCB49}"
	ProjectSection(SolutionItems) = preProject
		.editorconfig = .editorconfig
	EndProjectSection
EndProject
Global
	GlobalSection(SolutionConfigurationPlatforms) = preSolution
		Debug|Durango = Debug|Durango
		Profile|Durango = Profile|Durango
		Release|Durango = Release|Durango
	EndGlobalSection
	GlobalSection(ProjectConfigurationPlatforms) = postSolution
		{5959D651-867B-4AD9-BABD-4265310B6D5D}.Debug|Durango.ActiveCfg = Debug|Durango
		{5959D651-867B-4AD9-BABD-4265310B6D5D}.Debug|Durango.Build.0 = Debug|Durango
		{5959D651-867B-4AD9-BABD-4265310B6D5D}.Profile|Durango.ActiveCfg = Profile|Durango
		{5959D651-867B-4AD9-BABD-4265310B6D5D}.Profile|Durango.Build.0 = Profile|Durango
		{5959D651-867B-4AD9-BABD-4265310B6D5D}.Release|Durango.ActiveCfg = Release|Durango
		{5959D651-867B-4AD9-BABD-4265310B6D5D}.Release|Durango.Build.0 = Release|Durango
	EndGlobalSection
	GlobalSection(SolutionProperties) = preSolution
		HideSolutionNode = FALSE
	EndGlobalSection
	GlobalSection(ExtensibilityGlobals) = postSolution
		SolutionGuid = {029D3A14-07EE-4D69-A40C-204AB05DEF66}
	EndGlobalSection
EndGlobal
